
Microsoft Visual Studio Solution File, Format Version 12.00
# Visual Studio Version 17
VisualStudioVersion = 17.11.35327.3
MinimumVisualStudioVersion = 10.0.40219.1
Project("{888888A0-9F3D-457C-B088-3A5042F75D52}") = "DSA210", "DSA210\DSA210.pyproj", "{4C785F77-948B-4068-A96F-9FBEDF31CDF9}"
EndProject
Global
	GlobalSection(SolutionConfigurationPlatforms) = preSolution
		Debug|Any CPU = Debug|Any CPU
		Release|Any CPU = Release|Any CPU
	EndGlobalSection
	GlobalSection(ProjectConfigurationPlatforms) = postSolution
		{4C785F77-948B-4068-A96F-9FBEDF31CDF9}.Debug|Any CPU.ActiveCfg = Debug|Any CPU
		{4C785F77-948B-4068-A96F-9FBEDF31CDF9}.Release|Any CPU.ActiveCfg = Release|Any CPU
	EndGlobalSection
	GlobalSection(SolutionProperties) = preSolution
		HideSolutionNode = FALSE
	EndGlobalSection
	GlobalSection(ExtensibilityGlobals) = postSolution
		SolutionGuid = {10B4DCBE-DD30-42F9-8504-A0C0A7BAC16D}
	EndGlobalSection
EndGlobal
